
Microsoft Visual Studio Solution File, Format Version 12.00
# Visual Studio 2012
Project("{FAE04EC0-301F-11D3-BF4B-00C04F79EFBC}") = "Download-reporting", "Download-reporting\Download-reporting.csproj", "{883FD2DB-C395-4824-AE99-B51F0DB56156}"
EndProject
Global
	GlobalSection(SolutionConfigurationPlatforms) = preSolution
		Debug|Any CPU = Debug|Any CPU
		Release|Any CPU = Release|Any CPU
	EndGlobalSection
	GlobalSection(ProjectConfigurationPlatforms) = postSolution
		{883FD2DB-C395-4824-AE99-B51F0DB56156}.Debug|Any CPU.ActiveCfg = Debug|Any CPU
		{883FD2DB-C395-4824-AE99-B51F0DB56156}.Debug|Any CPU.Build.0 = Debug|Any CPU
		{883FD2DB-C395-4824-AE99-B51F0DB56156}.Release|Any CPU.ActiveCfg = Release|Any CPU
		{883FD2DB-C395-4824-AE99-B51F0DB56156}.Release|Any CPU.Build.0 = Release|Any CPU
	EndGlobalSection
EndGlobal
